
Microsoft Visual Studio Solution File, Format Version 12.00
# Visual Studio Version 17
VisualStudioVersion = 17.11.35327.3
MinimumVisualStudioVersion = 10.0.40219.1
Project("{FAE04EC0-301F-11D3-BF4B-00C04F79EFBC}") = "Blog", "Blog.csproj", "{19C47B1E-9109-476C-A910-A8D2B5C4312E}"
EndProject
Global
	GlobalSection(SolutionConfigurationPlatforms) = preSolution
		Debug|Any CPU = Debug|Any CPU
		Release|Any CPU = Release|Any CPU
	EndGlobalSection
	GlobalSection(ProjectConfigurationPlatforms) = postSolution
		{19C47B1E-9109-476C-A910-A8D2B5C4312E}.Debug|Any CPU.ActiveCfg = Debug|Any CPU
		{19C47B1E-9109-476C-A910-A8D2B5C4312E}.Debug|Any CPU.Build.0 = Debug|Any CPU
		{19C47B1E-9109-476C-A910-A8D2B5C4312E}.Release|Any CPU.ActiveCfg = Release|Any CPU
		{19C47B1E-9109-476C-A910-A8D2B5C4312E}.Release|Any CPU.Build.0 = Release|Any CPU
	EndGlobalSection
	GlobalSection(SolutionProperties) = preSolution
		HideSolutionNode = FALSE
	EndGlobalSection
	GlobalSection(ExtensibilityGlobals) = postSolution
		SolutionGuid = {26590407-5A6D-49D7-8B1E-4612006E4E17}
	EndGlobalSection
EndGlobal
